
Microsoft Visual Studio Solution File, Format Version 12.00
# Visual Studio Version 16
VisualStudioVersion = 16.0.32002.261
MinimumVisualStudioVersion = 10.0.40219.1
Project("{FAE04EC0-301F-11D3-BF4B-00C04F79EFBC}") = "BasicFormApplication", "BasicFormApplication\BasicFormApplication.csproj", "{AA13235B-C4AC-4B8A-8173-62F2ADA676EE}"
EndProject
Global
	GlobalSection(SolutionConfigurationPlatforms) = preSolution
		Debug|Any CPU = Debug|Any CPU
		Release|Any CPU = Release|Any CPU
	EndGlobalSection
	GlobalSection(ProjectConfigurationPlatforms) = postSolution
		{AA13235B-C4AC-4B8A-8173-62F2ADA676EE}.Debug|Any CPU.ActiveCfg = Debug|Any CPU
		{AA13235B-C4AC-4B8A-8173-62F2ADA676EE}.Debug|Any CPU.Build.0 = Debug|Any CPU
		{AA13235B-C4AC-4B8A-8173-62F2ADA676EE}.Release|Any CPU.ActiveCfg = Release|Any CPU
		{AA13235B-C4AC-4B8A-8173-62F2ADA676EE}.Release|Any CPU.Build.0 = Release|Any CPU
	EndGlobalSection
	GlobalSection(SolutionProperties) = preSolution
		HideSolutionNode = FALSE
	EndGlobalSection
	GlobalSection(ExtensibilityGlobals) = postSolution
		SolutionGuid = {B68070FC-1647-46AA-AFDD-A63233ACB791}
	EndGlobalSection
EndGlobal
